
Microsoft Visual Studio Solution File, Format Version 12.00
# Visual Studio Version 16
VisualStudioVersion = 16.0.30503.244
MinimumVisualStudioVersion = 10.0.40219.1
Project("{888888A0-9F3D-457C-B088-3A5042F75D52}") = "9. Встреча", "9. Встреча\9. Встреча.pyproj", "{7C28D354-4959-42E7-8533-0B880676B00F}"
EndProject
Global
	GlobalSection(SolutionConfigurationPlatforms) = preSolution
		Debug|Any CPU = Debug|Any CPU
		Release|Any CPU = Release|Any CPU
	EndGlobalSection
	GlobalSection(ProjectConfigurationPlatforms) = postSolution
		{7C28D354-4959-42E7-8533-0B880676B00F}.Debug|Any CPU.ActiveCfg = Debug|Any CPU
		{7C28D354-4959-42E7-8533-0B880676B00F}.Release|Any CPU.ActiveCfg = Release|Any CPU
	EndGlobalSection
	GlobalSection(SolutionProperties) = preSolution
		HideSolutionNode = FALSE
	EndGlobalSection
	GlobalSection(ExtensibilityGlobals) = postSolution
		SolutionGuid = {0E1EAB3B-456A-491C-BC6C-D442E90B5C1E}
	EndGlobalSection
EndGlobal
