
Microsoft Visual Studio Solution File, Format Version 12.00
# Visual Studio Version 16
VisualStudioVersion = 16.0.30503.244
MinimumVisualStudioVersion = 10.0.40219.1
Project("{8BC9CEB8-8B4A-11D0-8D11-00A0C91BC942}") = "3. Арифметика для разных типов", "3. Арифметика для разных типов\3. Арифметика для разных типов.vcxproj", "{ECD71C76-DBFA-40CA-8BE2-B517ACC44F16}"
EndProject
Global
	GlobalSection(SolutionConfigurationPlatforms) = preSolution
		Debug|x64 = Debug|x64
		Debug|x86 = Debug|x86
		Release|x64 = Release|x64
		Release|x86 = Release|x86
	EndGlobalSection
	GlobalSection(ProjectConfigurationPlatforms) = postSolution
		{ECD71C76-DBFA-40CA-8BE2-B517ACC44F16}.Debug|x64.ActiveCfg = Debug|x64
		{ECD71C76-DBFA-40CA-8BE2-B517ACC44F16}.Debug|x64.Build.0 = Debug|x64
		{ECD71C76-DBFA-40CA-8BE2-B517ACC44F16}.Debug|x86.ActiveCfg = Debug|Win32
		{ECD71C76-DBFA-40CA-8BE2-B517ACC44F16}.Debug|x86.Build.0 = Debug|Win32
		{ECD71C76-DBFA-40CA-8BE2-B517ACC44F16}.Release|x64.ActiveCfg = Release|x64
		{ECD71C76-DBFA-40CA-8BE2-B517ACC44F16}.Release|x64.Build.0 = Release|x64
		{ECD71C76-DBFA-40CA-8BE2-B517ACC44F16}.Release|x86.ActiveCfg = Release|Win32
		{ECD71C76-DBFA-40CA-8BE2-B517ACC44F16}.Release|x86.Build.0 = Release|Win32
	EndGlobalSection
	GlobalSection(SolutionProperties) = preSolution
		HideSolutionNode = FALSE
	EndGlobalSection
	GlobalSection(ExtensibilityGlobals) = postSolution
		SolutionGuid = {6F0DFF78-7171-4D18-A569-51D74363482D}
	EndGlobalSection
EndGlobal
