
Microsoft Visual Studio Solution File, Format Version 12.00
# Visual Studio Version 16
VisualStudioVersion = 16.0.30503.244
MinimumVisualStudioVersion = 10.0.40219.1
Project("{8BC9CEB8-8B4A-11D0-8D11-00A0C91BC942}") = "37. Класс Вектор на плоскости", "37. Класс Вектор на плоскости\37. Класс Вектор на плоскости.vcxproj", "{69F657A7-785E-4F3B-A1D0-4228C51C6572}"
EndProject
Global
	GlobalSection(SolutionConfigurationPlatforms) = preSolution
		Debug|x64 = Debug|x64
		Debug|x86 = Debug|x86
		Release|x64 = Release|x64
		Release|x86 = Release|x86
	EndGlobalSection
	GlobalSection(ProjectConfigurationPlatforms) = postSolution
		{69F657A7-785E-4F3B-A1D0-4228C51C6572}.Debug|x64.ActiveCfg = Debug|x64
		{69F657A7-785E-4F3B-A1D0-4228C51C6572}.Debug|x64.Build.0 = Debug|x64
		{69F657A7-785E-4F3B-A1D0-4228C51C6572}.Debug|x86.ActiveCfg = Debug|Win32
		{69F657A7-785E-4F3B-A1D0-4228C51C6572}.Debug|x86.Build.0 = Debug|Win32
		{69F657A7-785E-4F3B-A1D0-4228C51C6572}.Release|x64.ActiveCfg = Release|x64
		{69F657A7-785E-4F3B-A1D0-4228C51C6572}.Release|x64.Build.0 = Release|x64
		{69F657A7-785E-4F3B-A1D0-4228C51C6572}.Release|x86.ActiveCfg = Release|Win32
		{69F657A7-785E-4F3B-A1D0-4228C51C6572}.Release|x86.Build.0 = Release|Win32
	EndGlobalSection
	GlobalSection(SolutionProperties) = preSolution
		HideSolutionNode = FALSE
	EndGlobalSection
	GlobalSection(ExtensibilityGlobals) = postSolution
		SolutionGuid = {5FE3364D-6908-4AF5-8983-3B50919C92B1}
	EndGlobalSection
EndGlobal
