
Microsoft Visual Studio Solution File, Format Version 12.00
# Visual Studio Version 16
VisualStudioVersion = 16.0.30503.244
MinimumVisualStudioVersion = 10.0.40219.1
Project("{888888A0-9F3D-457C-B088-3A5042F75D52}") = "13. Простое число", "13. Простое число\13. Простое число.pyproj", "{EFAB3995-A074-48F4-8193-4356956E5030}"
EndProject
Global
	GlobalSection(SolutionConfigurationPlatforms) = preSolution
		Debug|Any CPU = Debug|Any CPU
		Release|Any CPU = Release|Any CPU
	EndGlobalSection
	GlobalSection(ProjectConfigurationPlatforms) = postSolution
		{EFAB3995-A074-48F4-8193-4356956E5030}.Debug|Any CPU.ActiveCfg = Debug|Any CPU
		{EFAB3995-A074-48F4-8193-4356956E5030}.Release|Any CPU.ActiveCfg = Release|Any CPU
	EndGlobalSection
	GlobalSection(SolutionProperties) = preSolution
		HideSolutionNode = FALSE
	EndGlobalSection
	GlobalSection(ExtensibilityGlobals) = postSolution
		SolutionGuid = {5C1D96EF-3DF5-4657-96EC-18EA04C30E60}
	EndGlobalSection
EndGlobal
