
Microsoft Visual Studio Solution File, Format Version 12.00
# Visual Studio Version 16
VisualStudioVersion = 16.0.30503.244
MinimumVisualStudioVersion = 10.0.40219.1
Project("{888888A0-9F3D-457C-B088-3A5042F75D52}") = "20. Истина в вине", "20. Истина в вине\20. Истина в вине.pyproj", "{20F95500-A352-45BD-88AD-797CFA98C423}"
EndProject
Global
	GlobalSection(SolutionConfigurationPlatforms) = preSolution
		Debug|Any CPU = Debug|Any CPU
		Release|Any CPU = Release|Any CPU
	EndGlobalSection
	GlobalSection(ProjectConfigurationPlatforms) = postSolution
		{20F95500-A352-45BD-88AD-797CFA98C423}.Debug|Any CPU.ActiveCfg = Debug|Any CPU
		{20F95500-A352-45BD-88AD-797CFA98C423}.Release|Any CPU.ActiveCfg = Release|Any CPU
	EndGlobalSection
	GlobalSection(SolutionProperties) = preSolution
		HideSolutionNode = FALSE
	EndGlobalSection
	GlobalSection(ExtensibilityGlobals) = postSolution
		SolutionGuid = {0C9E6C2B-F711-4019-B78C-537FD7835CE3}
	EndGlobalSection
EndGlobal
