
Microsoft Visual Studio Solution File, Format Version 12.00
# Visual Studio Version 16
VisualStudioVersion = 16.0.30503.244
MinimumVisualStudioVersion = 10.0.40219.1
Project("{888888A0-9F3D-457C-B088-3A5042F75D52}") = "17. Казино", "17. Казино\17. Казино.pyproj", "{037C63EB-6717-4B27-B272-FCE96F4C626A}"
EndProject
Global
	GlobalSection(SolutionConfigurationPlatforms) = preSolution
		Debug|Any CPU = Debug|Any CPU
		Release|Any CPU = Release|Any CPU
	EndGlobalSection
	GlobalSection(ProjectConfigurationPlatforms) = postSolution
		{037C63EB-6717-4B27-B272-FCE96F4C626A}.Debug|Any CPU.ActiveCfg = Debug|Any CPU
		{037C63EB-6717-4B27-B272-FCE96F4C626A}.Release|Any CPU.ActiveCfg = Release|Any CPU
	EndGlobalSection
	GlobalSection(SolutionProperties) = preSolution
		HideSolutionNode = FALSE
	EndGlobalSection
	GlobalSection(ExtensibilityGlobals) = postSolution
		SolutionGuid = {BDA0F512-F34F-4C24-9566-0271284D3898}
	EndGlobalSection
EndGlobal
