
Microsoft Visual Studio Solution File, Format Version 12.00
# Visual Studio Version 16
VisualStudioVersion = 16.0.30503.244
MinimumVisualStudioVersion = 10.0.40219.1
Project("{8BC9CEB8-8B4A-11D0-8D11-00A0C91BC942}") = "15. Угадай число", "15. Угадай число\15. Угадай число.vcxproj", "{09199D2A-ED64-44DD-8FED-91A4F2C8B778}"
EndProject
Global
	GlobalSection(SolutionConfigurationPlatforms) = preSolution
		Debug|x64 = Debug|x64
		Debug|x86 = Debug|x86
		Release|x64 = Release|x64
		Release|x86 = Release|x86
	EndGlobalSection
	GlobalSection(ProjectConfigurationPlatforms) = postSolution
		{09199D2A-ED64-44DD-8FED-91A4F2C8B778}.Debug|x64.ActiveCfg = Debug|x64
		{09199D2A-ED64-44DD-8FED-91A4F2C8B778}.Debug|x64.Build.0 = Debug|x64
		{09199D2A-ED64-44DD-8FED-91A4F2C8B778}.Debug|x86.ActiveCfg = Debug|Win32
		{09199D2A-ED64-44DD-8FED-91A4F2C8B778}.Debug|x86.Build.0 = Debug|Win32
		{09199D2A-ED64-44DD-8FED-91A4F2C8B778}.Release|x64.ActiveCfg = Release|x64
		{09199D2A-ED64-44DD-8FED-91A4F2C8B778}.Release|x64.Build.0 = Release|x64
		{09199D2A-ED64-44DD-8FED-91A4F2C8B778}.Release|x86.ActiveCfg = Release|Win32
		{09199D2A-ED64-44DD-8FED-91A4F2C8B778}.Release|x86.Build.0 = Release|Win32
	EndGlobalSection
	GlobalSection(SolutionProperties) = preSolution
		HideSolutionNode = FALSE
	EndGlobalSection
	GlobalSection(ExtensibilityGlobals) = postSolution
		SolutionGuid = {7F17A700-A1B9-447D-88B4-25918D1CDE7A}
	EndGlobalSection
EndGlobal
